// !$*UTF8*$!
{
	archiveVersion = 1;
	classes = {
	};
	objectVersion = 55;
	objects = {

/* Begin PBXBuildFile section */
		08AD090027D8BBDB00015C50 /* AppDelegate.swift in Sources */ = {isa = PBXBuildFile; fileRef = 08AD08FF27D8BBDB00015C50 /* AppDelegate.swift */; };
		08AD090227D8BBDB00015C50 /* SceneDelegate.swift in Sources */ = {isa = PBXBuildFile; fileRef = 08AD090127D8BBDB00015C50 /* SceneDelegate.swift */; };
		08AD090427D8BBDB00015C50 /* ViewController.swift in Sources */ = {isa = PBXBuildFile; fileRef = 08AD090327D8BBDB00015C50 /* ViewController.swift */; };
		08AD090727D8BBDB00015C50 /* Main.storyboard in Resources */ = {isa = PBXBuildFile; fileRef = 08AD090527D8BBDB00015C50 /* Main.storyboard */; };
		08AD090A27D8BBDB00015C50 /* iOS2CollectionView.xcdatamodeld in Sources */ = {isa = PBXBuildFile; fileRef = 08AD090827D8BBDB00015C50 /* iOS2CollectionView.xcdatamodeld */; };
		08AD090F27D8BBDD00015C50 /* LaunchScreen.storyboard in Resources */ = {isa = PBXBuildFile; fileRef = 08AD090D27D8BBDD00015C50 /* LaunchScreen.storyboard */; };
		08AD091727D8BC3D00015C50 /* Assets.xcassets in Resources */ = {isa = PBXBuildFile; fileRef = 08AD091627D8BC3D00015C50 /* Assets.xcassets */; };
		08AD091927D8BC5200015C50 /* landmarkData.json in Resources */ = {isa = PBXBuildFile; fileRef = 08AD091827D8BC5200015C50 /* landmarkData.json */; };
		08AD091B27D8BCB800015C50 /* Landmark.swift in Sources */ = {isa = PBXBuildFile; fileRef = 08AD091A27D8BCB800015C50 /* Landmark.swift */; };
		08AD091D27D8BD8700015C50 /* DataManager.swift in Sources */ = {isa = PBXBuildFile; fileRef = 08AD091C27D8BD8700015C50 /* DataManager.swift */; };
		08AD092327D8DBA300015C50 /* LandmarkFavItemCell.swift in Sources */ = {isa = PBXBuildFile; fileRef = 08AD092227D8DBA300015C50 /* LandmarkFavItemCell.swift */; };
		08DAA75927E1DDCA00B36B01 /* DetailViewController.swift in Sources */ = {isa = PBXBuildFile; fileRef = 08DAA75827E1DDCA00B36B01 /* DetailViewController.swift */; };
		08F8FE2C27D8EBC900A288EB /* LandmarkCategoryItemCell.swift in Sources */ = {isa = PBXBuildFile; fileRef = 08F8FE2B27D8EBC900A288EB /* LandmarkCategoryItemCell.swift */; };
		08F8FE2E27D8FEC300A288EB /* HeaderCollectionReusableView.xib in Resources */ = {isa = PBXBuildFile; fileRef = 08F8FE2D27D8FEC300A288EB /* HeaderCollectionReusableView.xib */; };
		08F8FE3027D8FFED00A288EB /* HeaderCollectionReusableView.swift in Sources */ = {isa = PBXBuildFile; fileRef = 08F8FE2F27D8FFED00A288EB /* HeaderCollectionReusableView.swift */; };
/* End PBXBuildFile section */

/* Begin PBXFileReference section */
		08AD08FC27D8BBDB00015C50 /* iOS2CollectionView.app */ = {isa = PBXFileReference; explicitFileType = wrapper.application; includeInIndex = 0; path = iOS2CollectionView.app; sourceTree = BUILT_PRODUCTS_DIR; };
		08AD08FF27D8BBDB00015C50 /* AppDelegate.swift */ = {isa = PBXFileReference; lastKnownFileType = sourcecode.swift; path = AppDelegate.swift; sourceTree = "<group>"; };
		08AD090127D8BBDB00015C50 /* SceneDelegate.swift */ = {isa = PBXFileReference; lastKnownFileType = sourcecode.swift; path = SceneDelegate.swift; sourceTree = "<group>"; };
		08AD090327D8BBDB00015C50 /* ViewController.swift */ = {isa = PBXFileReference; lastKnownFileType = sourcecode.swift; path = ViewController.swift; sourceTree = "<group>"; };
		08AD090627D8BBDB00015C50 /* Base */ = {isa = PBXFileReference; lastKnownFileType = file.storyboard; name = Base; path = Base.lproj/Main.storyboard; sourceTree = "<group>"; };
		08AD090927D8BBDB00015C50 /* iOS2CollectionView.xcdatamodel */ = {isa = PBXFileReference; lastKnownFileType = wrapper.xcdatamodel; path = iOS2CollectionView.xcdatamodel; sourceTree = "<group>"; };
		08AD090E27D8BBDD00015C50 /* Base */ = {isa = PBXFileReference; lastKnownFileType = file.storyboard; name = Base; path = Base.lproj/LaunchScreen.storyboard; sourceTree = "<group>"; };
		08AD091027D8BBDD00015C50 /* Info.plist */ = {isa = PBXFileReference; lastKnownFileType = text.plist.xml; path = Info.plist; sourceTree = "<group>"; };
		08AD091627D8BC3D00015C50 /* Assets.xcassets */ = {isa = PBXFileReference; lastKnownFileType = folder.assetcatalog; name = Assets.xcassets; path = ../../../Downloads/Mock_iOS_Avance/Assets.xcassets; sourceTree = "<group>"; };
		08AD091827D8BC5200015C50 /* landmarkData.json */ = {isa = PBXFileReference; fileEncoding = 4; lastKnownFileType = text.json; name = landmarkData.json; path = ../../../Downloads/Mock_iOS_Avance/landmarkData.json; sourceTree = "<group>"; };
		08AD091A27D8BCB800015C50 /* Landmark.swift */ = {isa = PBXFileReference; lastKnownFileType = sourcecode.swift; path = Landmark.swift; sourceTree = "<group>"; };
		08AD091C27D8BD8700015C50 /* DataManager.swift */ = {isa = PBXFileReference; lastKnownFileType = sourcecode.swift; path = DataManager.swift; sourceTree = "<group>"; };
		08AD092227D8DBA300015C50 /* LandmarkFavItemCell.swift */ = {isa = PBXFileReference; lastKnownFileType = sourcecode.swift; path = LandmarkFavItemCell.swift; sourceTree = "<group>"; };
		08DAA75827E1DDCA00B36B01 /* DetailViewController.swift */ = {isa = PBXFileReference; lastKnownFileType = sourcecode.swift; path = DetailViewController.swift; sourceTree = "<group>"; };
		08F8FE2B27D8EBC900A288EB /* LandmarkCategoryItemCell.swift */ = {isa = PBXFileReference; lastKnownFileType = sourcecode.swift; path = LandmarkCategoryItemCell.swift; sourceTree = "<group>"; };
		08F8FE2D27D8FEC300A288EB /* HeaderCollectionReusableView.xib */ = {isa = PBXFileReference; lastKnownFileType = file.xib; path = HeaderCollectionReusableView.xib; sourceTree = "<group>"; };
		08F8FE2F27D8FFED00A288EB /* HeaderCollectionReusableView.swift */ = {isa = PBXFileReference; lastKnownFileType = sourcecode.swift; path = HeaderCollectionReusableView.swift; sourceTree = "<group>"; };
/* End PBXFileReference section */

/* Begin PBXFrameworksBuildPhase section */
		08AD08F927D8BBDB00015C50 /* Frameworks */ = {
			isa = PBXFrameworksBuildPhase;
			buildActionMask = 2147483647;
			files = (
			);
			runOnlyForDeploymentPostprocessing = 0;
		};
/* End PBXFrameworksBuildPhase section */

/* Begin PBXGroup section */
		08AD08F327D8BBDB00015C50 = {
			isa = PBXGroup;
			children = (
				08AD08FE27D8BBDB00015C50 /* iOS2CollectionView */,
				08AD08FD27D8BBDB00015C50 /* Products */,
			);
			sourceTree = "<group>";
		};
		08AD08FD27D8BBDB00015C50 /* Products */ = {
			isa = PBXGroup;
			children = (
				08AD08FC27D8BBDB00015C50 /* iOS2CollectionView.app */,
			);
			name = Products;
			sourceTree = "<group>";
		};
		08AD08FE27D8BBDB00015C50 /* iOS2CollectionView */ = {
			isa = PBXGroup;
			children = (
				08AD091F27D8C23D00015C50 /* manager */,
				08AD091E27D8C23500015C50 /* model */,
				08AD08FF27D8BBDB00015C50 /* AppDelegate.swift */,
				08AD090127D8BBDB00015C50 /* SceneDelegate.swift */,
				08AD090327D8BBDB00015C50 /* ViewController.swift */,
				08AD090527D8BBDB00015C50 /* Main.storyboard */,
				08AD090D27D8BBDD00015C50 /* LaunchScreen.storyboard */,
				08AD091027D8BBDD00015C50 /* Info.plist */,
				08AD090827D8BBDB00015C50 /* iOS2CollectionView.xcdatamodeld */,
				08AD091627D8BC3D00015C50 /* Assets.xcassets */,
				08AD091827D8BC5200015C50 /* landmarkData.json */,
				08F8FE2D27D8FEC300A288EB /* HeaderCollectionReusableView.xib */,
				08F8FE2F27D8FFED00A288EB /* HeaderCollectionReusableView.swift */,
				08DAA75827E1DDCA00B36B01 /* DetailViewController.swift */,
			);
			path = iOS2CollectionView;
			sourceTree = "<group>";
		};
		08AD091E27D8C23500015C50 /* model */ = {
			isa = PBXGroup;
			children = (
				08AD091A27D8BCB800015C50 /* Landmark.swift */,
				08AD092227D8DBA300015C50 /* LandmarkFavItemCell.swift */,
				08F8FE2B27D8EBC900A288EB /* LandmarkCategoryItemCell.swift */,
			);
			path = model;
			sourceTree = "<group>";
		};
		08AD091F27D8C23D00015C50 /* manager */ = {
			isa = PBXGroup;
			children = (
				08AD091C27D8BD8700015C50 /* DataManager.swift */,
			);
			path = manager;
			sourceTree = "<group>";
		};
/* End PBXGroup section */

/* Begin PBXNativeTarget section */
		08AD08FB27D8BBDB00015C50 /* iOS2CollectionView */ = {
			isa = PBXNativeTarget;
			buildConfigurationList = 08AD091327D8BBDD00015C50 /* Build configuration list for PBXNativeTarget "iOS2CollectionView" */;
			buildPhases = (
				08AD08F827D8BBDB00015C50 /* Sources */,
				08AD08F927D8BBDB00015C50 /* Frameworks */,
				08AD08FA27D8BBDB00015C50 /* Resources */,
			);
			buildRules = (
			);
			dependencies = (
			);
			name = iOS2CollectionView;
			productName = iOS2CollectionView;
			productReference = 08AD08FC27D8BBDB00015C50 /* iOS2CollectionView.app */;
			productType = "com.apple.product-type.application";
		};
/* End PBXNativeTarget section */

/* Begin PBXProject section */
		08AD08F427D8BBDB00015C50 /* Project object */ = {
			isa = PBXProject;
			attributes = {
				BuildIndependentTargetsInParallel = 1;
				LastSwiftUpdateCheck = 1320;
				LastUpgradeCheck = 1320;
				TargetAttributes = {
					08AD08FB27D8BBDB00015C50 = {
						CreatedOnToolsVersion = 13.2.1;
					};
				};
			};
			buildConfigurationList = 08AD08F727D8BBDB00015C50 /* Build configuration list for PBXProject "iOS2CollectionView" */;
			compatibilityVersion = "Xcode 13.0";
			developmentRegion = en;
			hasScannedForEncodings = 0;
			knownRegions = (
				en,
				Base,
			);
			mainGroup = 08AD08F327D8BBDB00015C50;
			productRefGroup = 08AD08FD27D8BBDB00015C50 /* Products */;
			projectDirPath = "";
			projectRoot = "";
			targets = (
				08AD08FB27D8BBDB00015C50 /* iOS2CollectionView */,
			);
		};
/* End PBXProject section */

/* Begin PBXResourcesBuildPhase section */
		08AD08FA27D8BBDB00015C50 /* Resources */ = {
			isa = PBXResourcesBuildPhase;
			buildActionMask = 2147483647;
			files = (
				08AD090F27D8BBDD00015C50 /* LaunchScreen.storyboard in Resources */,
				08F8FE2E27D8FEC300A288EB /* HeaderCollectionReusableView.xib in Resources */,
				08AD091927D8BC5200015C50 /* landmarkData.json in Resources */,
				08AD091727D8BC3D00015C50 /* Assets.xcassets in Resources */,
				08AD090727D8BBDB00015C50 /* Main.storyboard in Resources */,
			);
			runOnlyForDeploymentPostprocessing = 0;
		};
/* End PBXResourcesBuildPhase section */

/* Begin PBXSourcesBuildPhase section */
		08AD08F827D8BBDB00015C50 /* Sources */ = {
			isa = PBXSourcesBuildPhase;
			buildActionMask = 2147483647;
			files = (
				08F8FE2C27D8EBC900A288EB /* LandmarkCategoryItemCell.swift in Sources */,
				08F8FE3027D8FFED00A288EB /* HeaderCollectionReusableView.swift in Sources */,
				08AD090427D8BBDB00015C50 /* ViewController.swift in Sources */,
				08AD092327D8DBA300015C50 /* LandmarkFavItemCell.swift in Sources */,
				08AD091D27D8BD8700015C50 /* DataManager.swift in Sources */,
				08AD090027D8BBDB00015C50 /* AppDelegate.swift in Sources */,
				08AD090227D8BBDB00015C50 /* SceneDelegate.swift in Sources */,
				08DAA75927E1DDCA00B36B01 /* DetailViewController.swift in Sources */,
				08AD090A27D8BBDB00015C50 /* iOS2CollectionView.xcdatamodeld in Sources */,
				08AD091B27D8BCB800015C50 /* Landmark.swift in Sources */,
			);
			runOnlyForDeploymentPostprocessing = 0;
		};
/* End PBXSourcesBuildPhase section */

/* Begin PBXVariantGroup section */
		08AD090527D8BBDB00015C50 /* Main.storyboard */ = {
			isa = PBXVariantGroup;
			children = (
				08AD090627D8BBDB00015C50 /* Base */,
			);
			name = Main.storyboard;
			sourceTree = "<group>";
		};
		08AD090D27D8BBDD00015C50 /* LaunchScreen.storyboard */ = {
			isa = PBXVariantGroup;
			children = (
				08AD090E27D8BBDD00015C50 /* Base */,
			);
			name = LaunchScreen.storyboard;
			sourceTree = "<group>";
		};
/* End PBXVariantGroup section */

/* Begin XCBuildConfiguration section */
		08AD091127D8BBDD00015C50 /* Debug */ = {
			isa = XCBuildConfiguration;
			buildSettings = {
				ALWAYS_SEARCH_USER_PATHS = NO;
				CLANG_ANALYZER_NONNULL = YES;
				CLANG_ANALYZER_NUMBER_OBJECT_CONVERSION = YES_AGGRESSIVE;
				CLANG_CXX_LANGUAGE_STANDARD = "gnu++17";
				CLANG_CXX_LIBRARY = "libc++";
				CLANG_ENABLE_MODULES = YES;
				CLANG_ENABLE_OBJC_ARC = YES;
				CLANG_ENABLE_OBJC_WEAK = YES;
				CLANG_WARN_BLOCK_CAPTURE_AUTORELEASING = YES;
				CLANG_WARN_BOOL_CONVERSION = YES;
				CLANG_WARN_COMMA = YES;
				CLANG_WARN_CONSTANT_CONVERSION = YES;
				CLANG_WARN_DEPRECATED_OBJC_IMPLEMENTATIONS = YES;
				CLANG_WARN_DIRECT_OBJC_ISA_USAGE = YES_ERROR;
				CLANG_WARN_DOCUMENTATION_COMMENTS = YES;
				CLANG_WARN_EMPTY_BODY = YES;
				CLANG_WARN_ENUM_CONVERSION = YES;
				CLANG_WARN_INFINITE_RECURSION = YES;
				CLANG_WARN_INT_CONVERSION = YES;
				CLANG_WARN_NON_LITERAL_NULL_CONVERSION = YES;
				CLANG_WARN_OBJC_IMPLICIT_RETAIN_SELF = YES;
				CLANG_WARN_OBJC_LITERAL_CONVERSION = YES;
				CLANG_WARN_OBJC_ROOT_CLASS = YES_ERROR;
				CLANG_WARN_QUOTED_INCLUDE_IN_FRAMEWORK_HEADER = YES;
				CLANG_WARN_RANGE_LOOP_ANALYSIS = YES;
				CLANG_WARN_STRICT_PROTOTYPES = YES;
				CLANG_WARN_SUSPICIOUS_MOVE = YES;
				CLANG_WARN_UNGUARDED_AVAILABILITY = YES_AGGRESSIVE;
				CLANG_WARN_UNREACHABLE_CODE = YES;
				CLANG_WARN__DUPLICATE_METHOD_MATCH = YES;
				COPY_PHASE_STRIP = NO;
				DEBUG_INFORMATION_FORMAT = dwarf;
				ENABLE_STRICT_OBJC_MSGSEND = YES;
				ENABLE_TESTABILITY = YES;
				GCC_C_LANGUAGE_STANDARD = gnu11;
				GCC_DYNAMIC_NO_PIC = NO;
				GCC_NO_COMMON_BLOCKS = YES;
				GCC_OPTIMIZATION_LEVEL = 0;
				GCC_PREPROCESSOR_DEFINITIONS = (
					"DEBUG=1",
					"$(inherited)",
				);
				GCC_WARN_64_TO_32_BIT_CONVERSION = YES;
				GCC_WARN_ABOUT_RETURN_TYPE = YES_ERROR;
				GCC_WARN_UNDECLARED_SELECTOR = YES;
				GCC_WARN_UNINITIALIZED_AUTOS = YES_AGGRESSIVE;
				GCC_WARN_UNUSED_FUNCTION = YES;
				GCC_WARN_UNUSED_VARIABLE = YES;
				IPHONEOS_DEPLOYMENT_TARGET = 15.2;
				MTL_ENABLE_DEBUG_INFO = INCLUDE_SOURCE;
				MTL_FAST_MATH = YES;
				ONLY_ACTIVE_ARCH = YES;
				SDKROOT = iphoneos;
				SWIFT_ACTIVE_COMPILATION_CONDITIONS = DEBUG;
				SWIFT_OPTIMIZATION_LEVEL = "-Onone";
			};
			name = Debug;
		};
		08AD091227D8BBDD00015C50 /* Release */ = {
			isa = XCBuildConfiguration;
			buildSettings = {
				ALWAYS_SEARCH_USER_PATHS = NO;
				CLANG_ANALYZER_NONNULL = YES;
				CLANG_ANALYZER_NUMBER_OBJECT_CONVERSION = YES_AGGRESSIVE;
				CLANG_CXX_LANGUAGE_STANDARD = "gnu++17";
				CLANG_CXX_LIBRARY = "libc++";
				CLANG_ENABLE_MODULES = YES;
				CLANG_ENABLE_OBJC_ARC = YES;
				CLANG_ENABLE_OBJC_WEAK = YES;
				CLANG_WARN_BLOCK_CAPTURE_AUTORELEASING = YES;
				CLANG_WARN_BOOL_CONVERSION = YES;
				CLANG_WARN_COMMA = YES;
				CLANG_WARN_CONSTANT_CONVERSION = YES;
				CLANG_WARN_DEPRECATED_OBJC_IMPLEMENTATIONS = YES;
				CLANG_WARN_DIRECT_OBJC_ISA_USAGE = YES_ERROR;
				CLANG_WARN_DOCUMENTATION_COMMENTS = YES;
				CLANG_WARN_EMPTY_BODY = YES;
				CLANG_WARN_ENUM_CONVERSION = YES;
				CLANG_WARN_INFINITE_RECURSION = YES;
				CLANG_WARN_INT_CONVERSION = YES;
				CLANG_WARN_NON_LITERAL_NULL_CONVERSION = YES;
				CLANG_WARN_OBJC_IMPLICIT_RETAIN_SELF = YES;
				CLANG_WARN_OBJC_LITERAL_CONVERSION = YES;
				CLANG_WARN_OBJC_ROOT_CLASS = YES_ERROR;
				CLANG_WARN_QUOTED_INCLUDE_IN_FRAMEWORK_HEADER = YES;
				CLANG_WARN_RANGE_LOOP_ANALYSIS = YES;
				CLANG_WARN_STRICT_PROTOTYPES = YES;
				CLANG_WARN_SUSPICIOUS_MOVE = YES;
				CLANG_WARN_UNGUARDED_AVAILABILITY = YES_AGGRESSIVE;
				CLANG_WARN_UNREACHABLE_CODE = YES;
				CLANG_WARN__DUPLICATE_METHOD_MATCH = YES;
				COPY_PHASE_STRIP = NO;
				DEBUG_INFORMATION_FORMAT = "dwarf-with-dsym";
				ENABLE_NS_ASSERTIONS = NO;
				ENABLE_STRICT_OBJC_MSGSEND = YES;
				GCC_C_LANGUAGE_STANDARD = gnu11;
				GCC_NO_COMMON_BLOCKS = YES;
				GCC_WARN_64_TO_32_BIT_CONVERSION = YES;
				GCC_WARN_ABOUT_RETURN_TYPE = YES_ERROR;
				GCC_WARN_UNDECLARED_SELECTOR = YES;
				GCC_WARN_UNINITIALIZED_AUTOS = YES_AGGRESSIVE;
				GCC_WARN_UNUSED_FUNCTION = YES;
				GCC_WARN_UNUSED_VARIABLE = YES;
				IPHONEOS_DEPLOYMENT_TARGET = 15.2;
				MTL_ENABLE_DEBUG_INFO = NO;
				MTL_FAST_MATH = YES;
				SDKROOT = iphoneos;
				SWIFT_COMPILATION_MODE = wholemodule;
				SWIFT_OPTIMIZATION_LEVEL = "-O";
				VALIDATE_PRODUCT = YES;
			};
			name = Release;
		};
		08AD091427D8BBDD00015C50 /* Debug */ = {
			isa = XCBuildConfiguration;
			buildSettings = {
				ASSETCATALOG_COMPILER_APPICON_NAME = AppIcon;
				ASSETCATALOG_COMPILER_GLOBAL_ACCENT_COLOR_NAME = AccentColor;
				CODE_SIGN_STYLE = Automatic;
				CURRENT_PROJECT_VERSION = 1;
				DEVELOPMENT_TEAM = 446N9683V8;
				GENERATE_INFOPLIST_FILE = YES;
				INFOPLIST_FILE = iOS2CollectionView/Info.plist;
				INFOPLIST_KEY_UIApplicationSupportsIndirectInputEvents = YES;
				INFOPLIST_KEY_UILaunchStoryboardName = LaunchScreen;
				INFOPLIST_KEY_UIMainStoryboardFile = Main;
				INFOPLIST_KEY_UISupportedInterfaceOrientations_iPad = "UIInterfaceOrientationPortrait UIInterfaceOrientationPortraitUpsideDown UIInterfaceOrientationLandscapeLeft UIInterfaceOrientationLandscapeRight";
				INFOPLIST_KEY_UISupportedInterfaceOrientations_iPhone = "UIInterfaceOrientationPortrait UIInterfaceOrientationLandscapeLeft UIInterfaceOrientationLandscapeRight";
				LD_RUNPATH_SEARCH_PATHS = (
					"$(inherited)",
					"@executable_path/Frameworks",
				);
				MARKETING_VERSION = 1.0;
				PRODUCT_BUNDLE_IDENTIFIER = fr.yannis.iOS2CollectionView;
				PRODUCT_NAME = "$(TARGET_NAME)";
				SWIFT_EMIT_LOC_STRINGS = YES;
				SWIFT_VERSION = 5.0;
				TARGETED_DEVICE_FAMILY = "1,2";
			};
			name = Debug;
		};
		08AD091527D8BBDD00015C50 /* Release */ = {
			isa = XCBuildConfiguration;
			buildSettings = {
				ASSETCATALOG_COMPILER_APPICON_NAME = AppIcon;
				ASSETCATALOG_COMPILER_GLOBAL_ACCENT_COLOR_NAME = AccentColor;
				CODE_SIGN_STYLE = Automatic;
				CURRENT_PROJECT_VERSION = 1;
				DEVELOPMENT_TEAM = 446N9683V8;
				GENERATE_INFOPLIST_FILE = YES;
				INFOPLIST_FILE = iOS2CollectionView/Info.plist;
				INFOPLIST_KEY_UIApplicationSupportsIndirectInputEvents = YES;
				INFOPLIST_KEY_UILaunchStoryboardName = LaunchScreen;
				INFOPLIST_KEY_UIMainStoryboardFile = Main;
				INFOPLIST_KEY_UISupportedInterfaceOrientations_iPad = "UIInterfaceOrientationPortrait UIInterfaceOrientationPortraitUpsideDown UIInterfaceOrientationLandscapeLeft UIInterfaceOrientationLandscapeRight";
				INFOPLIST_KEY_UISupportedInterfaceOrientations_iPhone = "UIInterfaceOrientationPortrait UIInterfaceOrientationLandscapeLeft UIInterfaceOrientationLandscapeRight";
				LD_RUNPATH_SEARCH_PATHS = (
					"$(inherited)",
					"@executable_path/Frameworks",
				);
				MARKETING_VERSION = 1.0;
				PRODUCT_BUNDLE_IDENTIFIER = fr.yannis.iOS2CollectionView;
				PRODUCT_NAME = "$(TARGET_NAME)";
				SWIFT_EMIT_LOC_STRINGS = YES;
				SWIFT_VERSION = 5.0;
				TARGETED_DEVICE_FAMILY = "1,2";
			};
			name = Release;
		};
/* End XCBuildConfiguration section */

/* Begin XCConfigurationList section */
		08AD08F727D8BBDB00015C50 /* Build configuration list for PBXProject "iOS2CollectionView" */ = {
			isa = XCConfigurationList;
			buildConfigurations = (
				08AD091127D8BBDD00015C50 /* Debug */,
				08AD091227D8BBDD00015C50 /* Release */,
			);
			defaultConfigurationIsVisible = 0;
			defaultConfigurationName = Release;
		};
		08AD091327D8BBDD00015C50 /* Build configuration list for PBXNativeTarget "iOS2CollectionView" */ = {
			isa = XCConfigurationList;
			buildConfigurations = (
				08AD091427D8BBDD00015C50 /* Debug */,
				08AD091527D8BBDD00015C50 /* Release */,
			);
			defaultConfigurationIsVisible = 0;
			defaultConfigurationName = Release;
		};
/* End XCConfigurationList section */

/* Begin XCVersionGroup section */
		08AD090827D8BBDB00015C50 /* iOS2CollectionView.xcdatamodeld */ = {
			isa = XCVersionGroup;
			children = (
				08AD090927D8BBDB00015C50 /* iOS2CollectionView.xcdatamodel */,
			);
			currentVersion = 08AD090927D8BBDB00015C50 /* iOS2CollectionView.xcdatamodel */;
			path = iOS2CollectionView.xcdatamodeld;
			sourceTree = "<group>";
			versionGroupType = wrapper.xcdatamodel;
		};
/* End XCVersionGroup section */
	};
	rootObject = 08AD08F427D8BBDB00015C50 /* Project object */;
}
